
Microsoft Visual Studio Solution File, Format Version 12.00
# Visual Studio Version 17
VisualStudioVersion = 17.9.34728.123
MinimumVisualStudioVersion = 10.0.40219.1
Project("{F184B08F-C81C-45F6-A57F-5ABD9991F28F}") = "PruebaHabilidad", "PruebaHabilidad\PruebaHabilidad.vbproj", "{F1D6244A-7A04-4F41-916D-186CD4D96180}"
EndProject
Global
	GlobalSection(SolutionConfigurationPlatforms) = preSolution
		Debug|Any CPU = Debug|Any CPU
		Release|Any CPU = Release|Any CPU
	EndGlobalSection
	GlobalSection(ProjectConfigurationPlatforms) = postSolution
		{F1D6244A-7A04-4F41-916D-186CD4D96180}.Debug|Any CPU.ActiveCfg = Debug|Any CPU
		{F1D6244A-7A04-4F41-916D-186CD4D96180}.Debug|Any CPU.Build.0 = Debug|Any CPU
		{F1D6244A-7A04-4F41-916D-186CD4D96180}.Release|Any CPU.ActiveCfg = Release|Any CPU
		{F1D6244A-7A04-4F41-916D-186CD4D96180}.Release|Any CPU.Build.0 = Release|Any CPU
	EndGlobalSection
	GlobalSection(SolutionProperties) = preSolution
		HideSolutionNode = FALSE
	EndGlobalSection
	GlobalSection(ExtensibilityGlobals) = postSolution
		SolutionGuid = {EBC37C59-CA82-40C7-B1A4-90DCA6DA8213}
	EndGlobalSection
EndGlobal
